
Microsoft Visual Studio Solution File, Format Version 12.00
# Visual Studio Version 16
VisualStudioVersion = 16.0.30621.155
MinimumVisualStudioVersion = 10.0.40219.1
Project("{FAE04EC0-301F-11D3-BF4B-00C04F79EFBC}") = "TrackerLibrary", "TrackerLibrary\TrackerLibrary.csproj", "{ED72D8A1-2434-46B1-9BCB-A6F62D77E95D}"
EndProject
Project("{FAE04EC0-301F-11D3-BF4B-00C04F79EFBC}") = "TrackerUI", "TrackerUI\TrackerUI.csproj", "{D94C1F92-35DA-4B44-B374-23F319D97A07}"
EndProject
Global
	GlobalSection(SolutionConfigurationPlatforms) = preSolution
		Debug|Any CPU = Debug|Any CPU
		doma|Any CPU = doma|Any CPU
		Release|Any CPU = Release|Any CPU
	EndGlobalSection
	GlobalSection(ProjectConfigurationPlatforms) = postSolution
		{ED72D8A1-2434-46B1-9BCB-A6F62D77E95D}.Debug|Any CPU.ActiveCfg = Debug|Any CPU
		{ED72D8A1-2434-46B1-9BCB-A6F62D77E95D}.Debug|Any CPU.Build.0 = Debug|Any CPU
		{ED72D8A1-2434-46B1-9BCB-A6F62D77E95D}.doma|Any CPU.ActiveCfg = doma|Any CPU
		{ED72D8A1-2434-46B1-9BCB-A6F62D77E95D}.doma|Any CPU.Build.0 = doma|Any CPU
		{ED72D8A1-2434-46B1-9BCB-A6F62D77E95D}.Release|Any CPU.ActiveCfg = Release|Any CPU
		{ED72D8A1-2434-46B1-9BCB-A6F62D77E95D}.Release|Any CPU.Build.0 = Release|Any CPU
		{D94C1F92-35DA-4B44-B374-23F319D97A07}.Debug|Any CPU.ActiveCfg = Debug|Any CPU
		{D94C1F92-35DA-4B44-B374-23F319D97A07}.Debug|Any CPU.Build.0 = Debug|Any CPU
		{D94C1F92-35DA-4B44-B374-23F319D97A07}.doma|Any CPU.ActiveCfg = Debug|Any CPU
		{D94C1F92-35DA-4B44-B374-23F319D97A07}.doma|Any CPU.Build.0 = Debug|Any CPU
		{D94C1F92-35DA-4B44-B374-23F319D97A07}.Release|Any CPU.ActiveCfg = Release|Any CPU
		{D94C1F92-35DA-4B44-B374-23F319D97A07}.Release|Any CPU.Build.0 = Release|Any CPU
	EndGlobalSection
	GlobalSection(SolutionProperties) = preSolution
		HideSolutionNode = FALSE
	EndGlobalSection
	GlobalSection(ExtensibilityGlobals) = postSolution
		SolutionGuid = {A9C9B523-F9FE-48D2-9950-9AAB493D4548}
	EndGlobalSection
EndGlobal
